{
  "version": 4,
  "terraform_version": "1.13.4",
  "serial": 205,
  "lineage": "6d89bc01-bd9c-fa4a-bc03-d58486593c49",
  "outputs": {
    "Github_firstrepoURL": {
      "value": "https://github.com/rachit0905/hellofirst",
      "type": "string"
    },
    "Github_secondrepoURL": {
      "value": "https://github.com/rachit0905/hellosecond",
      "type": "string"
    },
    "aws_printing": {
      "value": "Created a t3.micro instance ami-02b8269d5e85954ef",
      "type": "string"
    },
    "aws_s3_bucket_printing": {
      "value": "This is the S3 bucket myhellohellofirstbucketterraform arn is arn:aws:s3:::myhellohellofirstbucketterraform",
      "type": "string"
    },
    "ec2ipprinting": {
      "value": "ip address for the ec2 13.233.92.180",
      "type": "string"
    },
    "keypair": {
      "value": "Key pair name is  My_key_pair_terraform",
      "type": "string"
    },
    "printing": {
      "value": "My name is Rachit Patel my age is 27 and live in Delhi",
      "type": "string"
    }
  },
  "resources": [
    {
      "mode": "managed",
      "type": "aws_instance",
      "name": "name",
      "provider": "provider[\"registry.terraform.io/hashicorp/aws\"]",
      "instances": [
        {
          "schema_version": 2,
          "attributes": {
            "ami": "ami-02b8269d5e85954ef",
            "arn": "arn:aws:ec2:ap-south-1:687578268924:instance/i-0bef81a998928354f",
            "associate_public_ip_address": true,
            "availability_zone": "ap-south-1a",
            "capacity_reservation_specification": [
              {
                "capacity_reservation_preference": "open",
                "capacity_reservation_target": []
              }
            ],
            "cpu_options": [
              {
                "amd_sev_snp": "",
                "core_count": 1,
                "threads_per_core": 2
              }
            ],
            "credit_specification": [
              {
                "cpu_credits": "unlimited"
              }
            ],
            "disable_api_stop": false,
            "disable_api_termination": false,
            "ebs_block_device": [],
            "ebs_optimized": false,
            "enable_primary_ipv6": null,
            "enclave_options": [
              {
                "enabled": false
              }
            ],
            "ephemeral_block_device": [],
            "force_destroy": false,
            "get_password_data": false,
            "hibernation": false,
            "host_id": "",
            "host_resource_group_arn": null,
            "iam_instance_profile": "",
            "id": "i-0bef81a998928354f",
            "instance_initiated_shutdown_behavior": "stop",
            "instance_lifecycle": "",
            "instance_market_options": [],
            "instance_state": "running",
            "instance_type": "t3.micro",
            "ipv6_address_count": 0,
            "ipv6_addresses": [],
            "key_name": "My_key_pair_terraform",
            "launch_template": [],
            "maintenance_options": [
              {
                "auto_recovery": "default"
              }
            ],
            "metadata_options": [
              {
                "http_endpoint": "enabled",
                "http_protocol_ipv6": "disabled",
                "http_put_response_hop_limit": 2,
                "http_tokens": "required",
                "instance_metadata_tags": "disabled"
              }
            ],
            "monitoring": false,
            "network_interface": [],
            "outpost_arn": "",
            "password_data": "",
            "placement_group": "",
            "placement_group_id": "",
            "placement_partition_number": 0,
            "primary_network_interface": [
              {
                "delete_on_termination": true,
                "network_interface_id": "eni-01b23176b670afc0c"
              }
            ],
            "primary_network_interface_id": "eni-01b23176b670afc0c",
            "private_dns": "ip-172-31-211-128.ap-south-1.compute.internal",
            "private_dns_name_options": [
              {
                "enable_resource_name_dns_a_record": true,
                "enable_resource_name_dns_aaaa_record": false,
                "hostname_type": "ip-name"
              }
            ],
            "private_ip": "172.31.211.128",
            "public_dns": "ec2-13-233-92-180.ap-south-1.compute.amazonaws.com",
            "public_ip": "13.233.92.180",
            "region": "ap-south-1",
            "root_block_device": [
              {
                "delete_on_termination": true,
                "device_name": "/dev/sda1",
                "encrypted": false,
                "iops": 3000,
                "kms_key_id": "",
                "tags": {},
                "tags_all": {},
                "throughput": 125,
                "volume_id": "vol-0723ee63554a3e761",
                "volume_size": 8,
                "volume_type": "gp3"
              }
            ],
            "secondary_private_ips": [],
            "security_groups": [
              "allow-ssh"
            ],
            "source_dest_check": true,
            "spot_instance_request_id": "",
            "subnet_id": "subnet-08851dc55ff0cb427",
            "tags": {
              "Name": "MY-INSTANCE"
            },
            "tags_all": {
              "Name": "MY-INSTANCE"
            },
            "tenancy": "default",
            "timeouts": null,
            "user_data": "#!/bin/bash\nsudo apt update -y\nsudo apt install nginx -y\nsudo mkdir /var/hellloooooo\nsystemctl start nginx\nsystemctl enable nginx\n\ncat \u003c\u003cEOF \u003e /var/www/html/index.html\n\u003c!DOCTYPE html\u003e\n\u003chtml\u003e\n\u003chead\u003e\n    \u003ctitle\u003eTerraform Nginx Page\u003c/title\u003e\n\u003c/head\u003e\n\u003cbody\u003e\n    \u003ch1\u003eHello from Nginx!\u003c/h1\u003e\n    \u003cp\u003eThis page was deployed using Terraform + User Data.\u003c/p\u003e\n\u003c/body\u003e\n\u003c/html\u003e\nEOF\n",
            "user_data_base64": null,
            "user_data_replace_on_change": true,
            "volume_tags": null,
            "vpc_security_group_ids": [
              "sg-0bbfb4ad147d2a723"
            ]
          },
          "sensitive_attributes": [],
          "identity_schema_version": 0,
          "identity": {
            "account_id": "687578268924",
            "id": "i-0bef81a998928354f",
            "region": "ap-south-1"
          },
          "private": "eyJlMmJmYjczMC1lY2FhLTExZTYtOGY4OC0zNDM2M2JjN2M0YzAiOnsiY3JlYXRlIjo2MDAwMDAwMDAwMDAsImRlbGV0ZSI6MTIwMDAwMDAwMDAwMCwicmVhZCI6OTAwMDAwMDAwMDAwLCJ1cGRhdGUiOjYwMDAwMDAwMDAwMH0sInNjaGVtYV92ZXJzaW9uIjoiMiJ9",
          "dependencies": [
            "aws_key_pair.localmachinenamekeypair",
            "aws_security_group.allow_ssh"
          ]
        }
      ]
    },
    {
      "mode": "managed",
      "type": "aws_key_pair",
      "name": "localmachinenamekeypair",
      "provider": "provider[\"registry.terraform.io/hashicorp/aws\"]",
      "instances": [
        {
          "schema_version": 1,
          "attributes": {
            "arn": "arn:aws:ec2:ap-south-1:687578268924:key-pair/My_key_pair_terraform",
            "fingerprint": "7d:ad:bc:a2:11:e2:8f:ba:af:21:52:9c:fa:3a:45:b9",
            "id": "My_key_pair_terraform",
            "key_name": "My_key_pair_terraform",
            "key_name_prefix": "",
            "key_pair_id": "key-013560e4be9a33bd4",
            "key_type": "rsa",
            "public_key": "ssh-rsa AAAAB3NzaC1yc2EAAAADAQABAAABgQC631PTv8rkWgaOGpbqgjtyq/6SiB3t71YTC9BSyT2Awjn13Xjv5rapSkhc3NkGxJB/cXI9dd1oHJ1rfOYpkjGVFumT9oEUvwOvKNNEKwKxt4qptqGsrFP+A18Fc69U96mBe4iZXfSPXcH8n3UFZaT9vH7jcY6+ZGO0+EeStGeXRJ2u8iHomjUQ5+gd+LWQ303/gxje0AylYaOhJXWMZpUxwo45M2HbHwN2uUJ6c6WyHQl+yKOtDQLUpyfS5P/rSs+NrzsSLpPkzWYSIlOMFLfGeEzUiStzOzdpYjL53xy25DN6XHXanYwjL6GAXPfafROa2vf8wosCLCNTpdQOGyeSOU5frpHYtx6ATteh0vPH5HQ3VLra+sLTxkXF1zT8Uz065axK0W9s27ZIw2nnp5nhUuODXyrUMf0DdWf/g1CH6yMlcIRxvxBrE7Oj58o1Fs5W5jKISHx2k6+lVHFa5p/uPH8N5ZvJjfzjv7TaP26gNRzUAA5ZHfCt6GEIhMjGrZM= rachitpatel@Rachits-MacBook-Air.local",
            "region": "ap-south-1",
            "tags": {},
            "tags_all": {}
          },
          "sensitive_attributes": [],
          "identity_schema_version": 0,
          "private": "eyJzY2hlbWFfdmVyc2lvbiI6IjEifQ=="
        }
      ]
    },
    {
      "mode": "managed",
      "type": "aws_s3_bucket",
      "name": "localmachinename",
      "provider": "provider[\"registry.terraform.io/hashicorp/aws\"]",
      "instances": [
        {
          "schema_version": 0,
          "attributes": {
            "acceleration_status": "",
            "acl": null,
            "arn": "arn:aws:s3:::myhellohellofirstbucketterraform",
            "bucket": "myhellohellofirstbucketterraform",
            "bucket_domain_name": "myhellohellofirstbucketterraform.s3.amazonaws.com",
            "bucket_prefix": "",
            "bucket_region": "ap-south-1",
            "bucket_regional_domain_name": "myhellohellofirstbucketterraform.s3.ap-south-1.amazonaws.com",
            "cors_rule": [],
            "force_destroy": false,
            "grant": [
              {
                "id": "a7fe7b9c0c6a936b6aadd9920dfd562b9707b1575d0893b7f644e225d2f4b678",
                "permissions": [
                  "FULL_CONTROL"
                ],
                "type": "CanonicalUser",
                "uri": ""
              }
            ],
            "hosted_zone_id": "Z11RGJOFQNVJUP",
            "id": "myhellohellofirstbucketterraform",
            "lifecycle_rule": [],
            "logging": [],
            "object_lock_configuration": [],
            "object_lock_enabled": false,
            "policy": "",
            "region": "ap-south-1",
            "replication_configuration": [],
            "request_payer": "BucketOwner",
            "server_side_encryption_configuration": [
              {
                "rule": [
                  {
                    "apply_server_side_encryption_by_default": [
                      {
                        "kms_master_key_id": "",
                        "sse_algorithm": "AES256"
                      }
                    ],
                    "bucket_key_enabled": false
                  }
                ]
              }
            ],
            "tags": {},
            "tags_all": {},
            "timeouts": null,
            "versioning": [
              {
                "enabled": false,
                "mfa_delete": false
              }
            ],
            "website": [],
            "website_domain": null,
            "website_endpoint": null
          },
          "sensitive_attributes": [],
          "identity_schema_version": 0,
          "identity": {
            "account_id": "687578268924",
            "bucket": "myhellohellofirstbucketterraform",
            "region": "ap-south-1"
          },
          "private": "eyJlMmJmYjczMC1lY2FhLTExZTYtOGY4OC0zNDM2M2JjN2M0YzAiOnsiY3JlYXRlIjoxMjAwMDAwMDAwMDAwLCJkZWxldGUiOjM2MDAwMDAwMDAwMDAsInJlYWQiOjEyMDAwMDAwMDAwMDAsInVwZGF0ZSI6MTIwMDAwMDAwMDAwMH19"
        }
      ]
    },
    {
      "mode": "managed",
      "type": "aws_security_group",
      "name": "allow_ssh",
      "provider": "provider[\"registry.terraform.io/hashicorp/aws\"]",
      "instances": [
        {
          "schema_version": 1,
          "attributes": {
            "arn": "arn:aws:ec2:ap-south-1:687578268924:security-group/sg-0bbfb4ad147d2a723",
            "description": "Allow SSH inbound traffic",
            "egress": [
              {
                "cidr_blocks": [
                  "0.0.0.0/0"
                ],
                "description": "",
                "from_port": 0,
                "ipv6_cidr_blocks": [],
                "prefix_list_ids": [],
                "protocol": "-1",
                "security_groups": [],
                "self": false,
                "to_port": 0
              }
            ],
            "id": "sg-0bbfb4ad147d2a723",
            "ingress": [
              {
                "cidr_blocks": [
                  "0.0.0.0/0"
                ],
                "description": "SSH from anywhere",
                "from_port": 22,
                "ipv6_cidr_blocks": [],
                "prefix_list_ids": [],
                "protocol": "tcp",
                "security_groups": [],
                "self": false,
                "to_port": 22
              },
              {
                "cidr_blocks": [
                  "0.0.0.0/0"
                ],
                "description": "SSH from anywhere",
                "from_port": 443,
                "ipv6_cidr_blocks": [],
                "prefix_list_ids": [],
                "protocol": "tcp",
                "security_groups": [],
                "self": false,
                "to_port": 443
              },
              {
                "cidr_blocks": [
                  "0.0.0.0/0"
                ],
                "description": "SSH from anywhere",
                "from_port": 80,
                "ipv6_cidr_blocks": [],
                "prefix_list_ids": [],
                "protocol": "tcp",
                "security_groups": [],
                "self": false,
                "to_port": 80
              }
            ],
            "name": "allow-ssh",
            "name_prefix": "",
            "owner_id": "687578268924",
            "region": "ap-south-1",
            "revoke_rules_on_delete": false,
            "tags": {},
            "tags_all": {},
            "timeouts": null,
            "vpc_id": "vpc-053c140b415d922f9"
          },
          "sensitive_attributes": [],
          "identity_schema_version": 0,
          "identity": {
            "account_id": "687578268924",
            "id": "sg-0bbfb4ad147d2a723",
            "region": "ap-south-1"
          },
          "private": "eyJlMmJmYjczMC1lY2FhLTExZTYtOGY4OC0zNDM2M2JjN2M0YzAiOnsiY3JlYXRlIjo2MDAwMDAwMDAwMDAsImRlbGV0ZSI6OTAwMDAwMDAwMDAwfSwic2NoZW1hX3ZlcnNpb24iOiIxIn0="
        }
      ]
    },
    {
      "mode": "managed",
      "type": "github_repository",
      "name": "hello-first",
      "provider": "provider[\"registry.terraform.io/integrations/github\"]",
      "instances": [
        {
          "schema_version": 1,
          "attributes": {
            "allow_auto_merge": false,
            "allow_merge_commit": true,
            "allow_rebase_merge": true,
            "allow_squash_merge": true,
            "allow_update_branch": false,
            "archive_on_destroy": null,
            "archived": false,
            "auto_init": true,
            "default_branch": "main",
            "delete_branch_on_merge": false,
            "description": "My first repo from terraform",
            "etag": "W/\"0d2010f2b5b10816e810806529800f738de4cd9ddf6ff6adfe088466b29e54b7\"",
            "fork": "false",
            "full_name": "rachit0905/hellofirst",
            "git_clone_url": "git://github.com/rachit0905/hellofirst.git",
            "gitignore_template": null,
            "has_discussions": false,
            "has_downloads": false,
            "has_issues": false,
            "has_projects": false,
            "has_wiki": false,
            "homepage_url": "",
            "html_url": "https://github.com/rachit0905/hellofirst",
            "http_clone_url": "https://github.com/rachit0905/hellofirst.git",
            "id": "hellofirst",
            "ignore_vulnerability_alerts_during_read": null,
            "is_template": false,
            "license_template": null,
            "merge_commit_message": "PR_TITLE",
            "merge_commit_title": "MERGE_MESSAGE",
            "name": "hellofirst",
            "node_id": "R_kgDOQx8DpQ",
            "pages": [],
            "primary_language": "",
            "private": false,
            "repo_id": 1126106021,
            "security_and_analysis": [
              {
                "advanced_security": [],
                "code_security": [],
                "secret_scanning": [
                  {
                    "status": "enabled"
                  }
                ],
                "secret_scanning_ai_detection": [],
                "secret_scanning_non_provider_patterns": [],
                "secret_scanning_push_protection": [
                  {
                    "status": "enabled"
                  }
                ]
              }
            ],
            "source_owner": "",
            "source_repo": "",
            "squash_merge_commit_message": "COMMIT_MESSAGES",
            "squash_merge_commit_title": "COMMIT_OR_PR_TITLE",
            "ssh_clone_url": "git@github.com:rachit0905/hellofirst.git",
            "svn_url": "https://github.com/rachit0905/hellofirst",
            "template": [],
            "topics": [],
            "visibility": "public",
            "vulnerability_alerts": false,
            "web_commit_signoff_required": false
          },
          "sensitive_attributes": [],
          "identity_schema_version": 0,
          "private": "eyJzY2hlbWFfdmVyc2lvbiI6IjEifQ=="
        }
      ]
    },
    {
      "mode": "managed",
      "type": "github_repository",
      "name": "hello-second",
      "provider": "provider[\"registry.terraform.io/integrations/github\"]",
      "instances": [
        {
          "schema_version": 1,
          "attributes": {
            "allow_auto_merge": false,
            "allow_merge_commit": true,
            "allow_rebase_merge": true,
            "allow_squash_merge": true,
            "allow_update_branch": false,
            "archive_on_destroy": null,
            "archived": false,
            "auto_init": true,
            "default_branch": "main",
            "delete_branch_on_merge": false,
            "description": "My first repo from terraform",
            "etag": "W/\"c8e5e5d6fe03421f2da922ace2a61fb1c1a93a69f45ca07e6957af3f734c8ac4\"",
            "fork": "false",
            "full_name": "rachit0905/hellosecond",
            "git_clone_url": "git://github.com/rachit0905/hellosecond.git",
            "gitignore_template": null,
            "has_discussions": false,
            "has_downloads": false,
            "has_issues": false,
            "has_projects": false,
            "has_wiki": false,
            "homepage_url": "",
            "html_url": "https://github.com/rachit0905/hellosecond",
            "http_clone_url": "https://github.com/rachit0905/hellosecond.git",
            "id": "hellosecond",
            "ignore_vulnerability_alerts_during_read": null,
            "is_template": false,
            "license_template": null,
            "merge_commit_message": "PR_TITLE",
            "merge_commit_title": "MERGE_MESSAGE",
            "name": "hellosecond",
            "node_id": "R_kgDOQx8Drg",
            "pages": [],
            "primary_language": "",
            "private": false,
            "repo_id": 1126106030,
            "security_and_analysis": [
              {
                "advanced_security": [],
                "code_security": [],
                "secret_scanning": [
                  {
                    "status": "enabled"
                  }
                ],
                "secret_scanning_ai_detection": [],
                "secret_scanning_non_provider_patterns": [],
                "secret_scanning_push_protection": [
                  {
                    "status": "enabled"
                  }
                ]
              }
            ],
            "source_owner": "",
            "source_repo": "",
            "squash_merge_commit_message": "COMMIT_MESSAGES",
            "squash_merge_commit_title": "COMMIT_OR_PR_TITLE",
            "ssh_clone_url": "git@github.com:rachit0905/hellosecond.git",
            "svn_url": "https://github.com/rachit0905/hellosecond",
            "template": [],
            "topics": [],
            "visibility": "public",
            "vulnerability_alerts": false,
            "web_commit_signoff_required": false
          },
          "sensitive_attributes": [],
          "identity_schema_version": 0,
          "private": "eyJzY2hlbWFfdmVyc2lvbiI6IjEifQ=="
        }
      ]
    }
  ],
  "check_results": null
}
